<?xml version="1.0" encoding="utf-8"?>
<Project ToolsVersion="4.0" xmlns="http://schemas.microsoft.com/developer/msbuild/2003">
  <ItemGroup>
    <ClCompile Include="main.cpp">
      <Filter>Window</Filter>
    </ClCompile>
    <ClCompile Include="Scene.cpp">
      <Filter>Scene</Filter>
    </ClCompile>
    <ClCompile Include="Input.cpp">
      <Filter>Input</Filter>
    </ClCompile>
    <ClCompile Include="SceneManager.cpp" />
    <ClCompile Include="TetrisBlock.cpp">
      <Filter>TetrisBlock</Filter>
    </ClCompile>
    <ClCompile Include="BlockCollection.cpp" />
  </ItemGroup>
  <ItemGroup>
    <ClInclude Include="main.h">
      <Filter>Window</Filter>
    </ClInclude>
    <ClInclude Include="Scene.h">
      <Filter>Scene</Filter>
    </ClInclude>
    <ClInclude Include="Input.h">
      <Filter>Input</Filter>
    </ClInclude>
    <ClInclude Include="SceneManager.h" />
    <ClInclude Include="TetrisBlock.h">
      <Filter>TetrisBlock</Filter>
    </ClInclude>
    <ClInclude Include="BlockCollection.h" />
    <ClInclude Include="TetrisGameType.h">
      <Filter>Utils</Filter>
    </ClInclude>
  </ItemGroup>
  <ItemGroup>
    <Filter Include="Window">
      <UniqueIdentifier>{ffd6cbd0-a230-4784-b749-c1fcfc8a4623}</UniqueIdentifier>
    </Filter>
    <Filter Include="Scene">
      <UniqueIdentifier>{e724a218-3eaf-4065-9067-e356f15e9443}</UniqueIdentifier>
    </Filter>
    <Filter Include="UI">
      <UniqueIdentifier>{268c72bc-b8d9-4659-9bcf-8b49628f8e6a}</UniqueIdentifier>
    </Filter>
    <Filter Include="TetrisBlock">
      <UniqueIdentifier>{ef11fec1-628e-4d2b-b431-20ced837c3d9}</UniqueIdentifier>
    </Filter>
    <Filter Include="GameState">
      <UniqueIdentifier>{2452fafd-3382-4a4e-b5f3-0648d04becf8}</UniqueIdentifier>
    </Filter>
    <Filter Include="Scene\SceneManager">
      <UniqueIdentifier>{7067cd6f-f85a-43d5-b69c-27a1dd56d038}</UniqueIdentifier>
    </Filter>
    <Filter Include="UI\UIManager">
      <UniqueIdentifier>{39b25e76-e8d2-46fc-8344-b777b99f6995}</UniqueIdentifier>
    </Filter>
    <Filter Include="Input">
      <UniqueIdentifier>{ac6b589a-0f0c-4b55-9839-72dcae045c14}</UniqueIdentifier>
    </Filter>
    <Filter Include="Utils">
      <UniqueIdentifier>{53647179-b5d5-43ea-841f-cb7107912dac}</UniqueIdentifier>
    </Filter>
  </ItemGroup>
</Project>