<?xml version="1.0" encoding="utf-8"?>
<Project ToolsVersion="4.0" xmlns="http://schemas.microsoft.com/developer/msbuild/2003">
  <ItemGroup>
    <ClCompile Include="App\ApplicationManager.cpp">
      <Filter>App</Filter>
    </ClCompile>
    <ClCompile Include="UI\Background.cpp">
      <Filter>UI</Filter>
    </ClCompile>
    <ClCompile Include="TetrisBlock\BlockCollection\BlockCollection.cpp">
      <Filter>TetrisBlock\BlockCollection</Filter>
    </ClCompile>
    <ClCompile Include="UI\Fade.cpp">
      <Filter>UI</Filter>
    </ClCompile>
    <ClCompile Include="UI\Hold.cpp">
      <Filter>UI</Filter>
    </ClCompile>
    <ClCompile Include="UI\InGameState.cpp">
      <Filter>UI</Filter>
    </ClCompile>
    <ClCompile Include="Window\main.cpp">
      <Filter>Window</Filter>
    </ClCompile>
    <ClCompile Include="UI\NextBlock.cpp">
      <Filter>UI</Filter>
    </ClCompile>
    <ClCompile Include="Scene\Scene.cpp">
      <Filter>Scene</Filter>
    </ClCompile>
    <ClCompile Include="Scene\SceneManager\SceneManager.cpp">
      <Filter>Scene\SceneManager</Filter>
    </ClCompile>
    <ClCompile Include="UI\Score.cpp">
      <Filter>UI</Filter>
    </ClCompile>
    <ClCompile Include="UI\Time.cpp">
      <Filter>UI</Filter>
    </ClCompile>
    <ClCompile Include="UI\UI.cpp">
      <Filter>UI</Filter>
    </ClCompile>
    <ClCompile Include="UI\UIManager\UIManager.cpp">
      <Filter>UI\UIManager</Filter>
    </ClCompile>
    <ClCompile Include="TetrisBlock\TetrisBlock.cpp">
      <Filter>TetrisBlock</Filter>
    </ClCompile>
    <ClCompile Include="Fps\FpsCounter.cpp">
      <Filter>Fps</Filter>
    </ClCompile>
    <ClCompile Include="UI\Number.cpp" />
    <ClCompile Include="Resource\TextureData.cpp">
      <Filter>Resource</Filter>
    </ClCompile>
    <ClCompile Include="Resource\Block.cpp" />
  </ItemGroup>
  <ItemGroup>
    <ClInclude Include="App\ApplicationManager.h">
      <Filter>App</Filter>
    </ClInclude>
    <ClInclude Include="UI\Background.h">
      <Filter>UI</Filter>
    </ClInclude>
    <ClInclude Include="TetrisBlock\BlockCollection\BlockCollection.h">
      <Filter>TetrisBlock\BlockCollection</Filter>
    </ClInclude>
    <ClInclude Include="UI\Fade.h">
      <Filter>UI</Filter>
    </ClInclude>
    <ClInclude Include="UI\Hold.h">
      <Filter>UI</Filter>
    </ClInclude>
    <ClInclude Include="UI\InGameState.h">
      <Filter>UI</Filter>
    </ClInclude>
    <ClInclude Include="UI\NextBlock.h">
      <Filter>UI</Filter>
    </ClInclude>
    <ClInclude Include="Scene\Scene.h">
      <Filter>Scene</Filter>
    </ClInclude>
    <ClInclude Include="Scene\SceneManager\SceneManager.h">
      <Filter>Scene\SceneManager</Filter>
    </ClInclude>
    <ClInclude Include="UI\Score.h">
      <Filter>UI</Filter>
    </ClInclude>
    <ClInclude Include="UI\Time.h">
      <Filter>UI</Filter>
    </ClInclude>
    <ClInclude Include="UI\UI.h">
      <Filter>UI</Filter>
    </ClInclude>
    <ClInclude Include="UI\UIManager\UIManager.h">
      <Filter>UI\UIManager</Filter>
    </ClInclude>
    <ClInclude Include="TetrisBlock\TetrisBlock.h">
      <Filter>TetrisBlock</Filter>
    </ClInclude>
    <ClInclude Include="TetrisGameType\TetrisGameType.h">
      <Filter>TetrisGameType</Filter>
    </ClInclude>
    <ClInclude Include="Fps\FpsCounter.h">
      <Filter>Fps</Filter>
    </ClInclude>
    <ClInclude Include="UI\Number.h">
      <Filter>UI</Filter>
    </ClInclude>
    <ClInclude Include="Resource\TextureData.h">
      <Filter>Resource</Filter>
    </ClInclude>
    <ClInclude Include="Window\main.h">
      <Filter>Window</Filter>
    </ClInclude>
    <ClInclude Include="Resource\Block.h" />
  </ItemGroup>
  <ItemGroup>
    <Filter Include="Window">
      <UniqueIdentifier>{ffd6cbd0-a230-4784-b749-c1fcfc8a4623}</UniqueIdentifier>
    </Filter>
    <Filter Include="Scene">
      <UniqueIdentifier>{e724a218-3eaf-4065-9067-e356f15e9443}</UniqueIdentifier>
    </Filter>
    <Filter Include="UI">
      <UniqueIdentifier>{268c72bc-b8d9-4659-9bcf-8b49628f8e6a}</UniqueIdentifier>
    </Filter>
    <Filter Include="TetrisBlock">
      <UniqueIdentifier>{ef11fec1-628e-4d2b-b431-20ced837c3d9}</UniqueIdentifier>
    </Filter>
    <Filter Include="Scene\SceneManager">
      <UniqueIdentifier>{7067cd6f-f85a-43d5-b69c-27a1dd56d038}</UniqueIdentifier>
    </Filter>
    <Filter Include="UI\UIManager">
      <UniqueIdentifier>{39b25e76-e8d2-46fc-8344-b777b99f6995}</UniqueIdentifier>
    </Filter>
    <Filter Include="Input">
      <UniqueIdentifier>{79a2d256-0375-4268-91a6-c41a72390ef4}</UniqueIdentifier>
    </Filter>
    <Filter Include="TetrisGameType">
      <UniqueIdentifier>{b1042caf-e71f-4e17-aab2-a501f94e7510}</UniqueIdentifier>
    </Filter>
    <Filter Include="App">
      <UniqueIdentifier>{741fa816-e396-43f3-8f1e-95f6cca89ee6}</UniqueIdentifier>
    </Filter>
    <Filter Include="TetrisBlock\BlockCollection">
      <UniqueIdentifier>{1703cb48-b9d6-4c7a-ac89-9f7c278c18b6}</UniqueIdentifier>
    </Filter>
    <Filter Include="Fps">
      <UniqueIdentifier>{7c4d0601-64f2-4ea9-a995-4ba696d98d6c}</UniqueIdentifier>
    </Filter>
    <Filter Include="Resource">
      <UniqueIdentifier>{db1d5c30-9468-482f-bc42-f3c60292555d}</UniqueIdentifier>
    </Filter>
  </ItemGroup>
</Project>